
Microsoft Visual Studio Solution File, Format Version 12.00
# Visual Studio Version 17
VisualStudioVersion = 17.9.34701.34
MinimumVisualStudioVersion = 10.0.40219.1
Project("{FAE04EC0-301F-11D3-BF4B-00C04F79EFBC}") = "Pcalc", "Pcalc\Pcalc.csproj", "{DAE34458-E578-4748-8B0F-FEB8FFD8B1A8}"
EndProject
Global
	GlobalSection(SolutionConfigurationPlatforms) = preSolution
		Debug|Any CPU = Debug|Any CPU
		Release|Any CPU = Release|Any CPU
	EndGlobalSection
	GlobalSection(ProjectConfigurationPlatforms) = postSolution
		{DAE34458-E578-4748-8B0F-FEB8FFD8B1A8}.Debug|Any CPU.ActiveCfg = Debug|Any CPU
		{DAE34458-E578-4748-8B0F-FEB8FFD8B1A8}.Debug|Any CPU.Build.0 = Debug|Any CPU
		{DAE34458-E578-4748-8B0F-FEB8FFD8B1A8}.Release|Any CPU.ActiveCfg = Release|Any CPU
		{DAE34458-E578-4748-8B0F-FEB8FFD8B1A8}.Release|Any CPU.Build.0 = Release|Any CPU
	EndGlobalSection
	GlobalSection(SolutionProperties) = preSolution
		HideSolutionNode = FALSE
	EndGlobalSection
	GlobalSection(ExtensibilityGlobals) = postSolution
		SolutionGuid = {DEDD9328-6F21-411D-A572-7268A26D13C3}
	EndGlobalSection
EndGlobal
